// !$*UTF8*$!
{
	archiveVersion = 1;
	classes = {
	};
	objectVersion = 56;
	objects = {

/* Begin PBXBuildFile section */
		627FF1462AE235AE0032FD8F /* CallKitSampleApp.swift in Sources */ = {isa = PBXBuildFile; fileRef = 627FF1452AE235AE0032FD8F /* CallKitSampleApp.swift */; };
		627FF1482AE235AE0032FD8F /* ContentView.swift in Sources */ = {isa = PBXBuildFile; fileRef = 627FF1472AE235AE0032FD8F /* ContentView.swift */; };
		627FF14A2AE235AF0032FD8F /* Assets.xcassets in Resources */ = {isa = PBXBuildFile; fileRef = 627FF1492AE235AF0032FD8F /* Assets.xcassets */; };
		627FF14D2AE235AF0032FD8F /* Preview Assets.xcassets in Resources */ = {isa = PBXBuildFile; fileRef = 627FF14C2AE235AF0032FD8F /* Preview Assets.xcassets */; };
		627FF1582AE2443F0032FD8F /* OutgoingInterfaceView.swift in Sources */ = {isa = PBXBuildFile; fileRef = 627FF1572AE2443F0032FD8F /* OutgoingInterfaceView.swift */; };
		627FF15A2AE244F40032FD8F /* IncomingInterfaceView.swift in Sources */ = {isa = PBXBuildFile; fileRef = 627FF1592AE244F40032FD8F /* IncomingInterfaceView.swift */; };
		627FF15D2AE24A740032FD8F /* CallManager.swift in Sources */ = {isa = PBXBuildFile; fileRef = 627FF15C2AE24A740032FD8F /* CallManager.swift */; };
		627FF1612AE252560032FD8F /* CallInterfaceView.swift in Sources */ = {isa = PBXBuildFile; fileRef = 627FF1602AE252560032FD8F /* CallInterfaceView.swift */; };
		627FF1642AE25AC10032FD8F /* CXCallUpdate+Extension.swift in Sources */ = {isa = PBXBuildFile; fileRef = 627FF1632AE25AC10032FD8F /* CXCallUpdate+Extension.swift */; };
		627FF1662AE25C680032FD8F /* Notification+Extension.swift in Sources */ = {isa = PBXBuildFile; fileRef = 627FF1652AE25C680032FD8F /* Notification+Extension.swift */; };
/* End PBXBuildFile section */

/* Begin PBXFileReference section */
		627FF1422AE235AE0032FD8F /* CallKitSample.app */ = {isa = PBXFileReference; explicitFileType = wrapper.application; includeInIndex = 0; path = CallKitSample.app; sourceTree = BUILT_PRODUCTS_DIR; };
		627FF1452AE235AE0032FD8F /* CallKitSampleApp.swift */ = {isa = PBXFileReference; lastKnownFileType = sourcecode.swift; path = CallKitSampleApp.swift; sourceTree = "<group>"; };
		627FF1472AE235AE0032FD8F /* ContentView.swift */ = {isa = PBXFileReference; lastKnownFileType = sourcecode.swift; path = ContentView.swift; sourceTree = "<group>"; };
		627FF1492AE235AF0032FD8F /* Assets.xcassets */ = {isa = PBXFileReference; lastKnownFileType = folder.assetcatalog; path = Assets.xcassets; sourceTree = "<group>"; };
		627FF14C2AE235AF0032FD8F /* Preview Assets.xcassets */ = {isa = PBXFileReference; lastKnownFileType = folder.assetcatalog; path = "Preview Assets.xcassets"; sourceTree = "<group>"; };
		627FF1532AE240BC0032FD8F /* Info.plist */ = {isa = PBXFileReference; lastKnownFileType = text.plist; path = Info.plist; sourceTree = "<group>"; };
		627FF1572AE2443F0032FD8F /* OutgoingInterfaceView.swift */ = {isa = PBXFileReference; lastKnownFileType = sourcecode.swift; path = OutgoingInterfaceView.swift; sourceTree = "<group>"; };
		627FF1592AE244F40032FD8F /* IncomingInterfaceView.swift */ = {isa = PBXFileReference; lastKnownFileType = sourcecode.swift; path = IncomingInterfaceView.swift; sourceTree = "<group>"; };
		627FF15C2AE24A740032FD8F /* CallManager.swift */ = {isa = PBXFileReference; lastKnownFileType = sourcecode.swift; path = CallManager.swift; sourceTree = "<group>"; };
		627FF1602AE252560032FD8F /* CallInterfaceView.swift */ = {isa = PBXFileReference; lastKnownFileType = sourcecode.swift; path = CallInterfaceView.swift; sourceTree = "<group>"; };
		627FF1632AE25AC10032FD8F /* CXCallUpdate+Extension.swift */ = {isa = PBXFileReference; lastKnownFileType = sourcecode.swift; path = "CXCallUpdate+Extension.swift"; sourceTree = "<group>"; };
		627FF1652AE25C680032FD8F /* Notification+Extension.swift */ = {isa = PBXFileReference; lastKnownFileType = sourcecode.swift; path = "Notification+Extension.swift"; sourceTree = "<group>"; };
/* End PBXFileReference section */

/* Begin PBXFrameworksBuildPhase section */
		627FF13F2AE235AE0032FD8F /* Frameworks */ = {
			isa = PBXFrameworksBuildPhase;
			buildActionMask = 2147483647;
			files = (
			);
			runOnlyForDeploymentPostprocessing = 0;
		};
/* End PBXFrameworksBuildPhase section */

/* Begin PBXGroup section */
		627FF1392AE235AE0032FD8F = {
			isa = PBXGroup;
			children = (
				627FF1442AE235AE0032FD8F /* CallKitSample */,
				627FF1432AE235AE0032FD8F /* Products */,
			);
			sourceTree = "<group>";
		};
		627FF1432AE235AE0032FD8F /* Products */ = {
			isa = PBXGroup;
			children = (
				627FF1422AE235AE0032FD8F /* CallKitSample.app */,
			);
			name = Products;
			sourceTree = "<group>";
		};
		627FF1442AE235AE0032FD8F /* CallKitSample */ = {
			isa = PBXGroup;
			children = (
				627FF1532AE240BC0032FD8F /* Info.plist */,
				627FF1452AE235AE0032FD8F /* CallKitSampleApp.swift */,
				627FF1472AE235AE0032FD8F /* ContentView.swift */,
				627FF1542AE243EE0032FD8F /* Views */,
				627FF15B2AE24A5A0032FD8F /* Utils */,
				627FF1622AE25AAC0032FD8F /* Extensions */,
				627FF1492AE235AF0032FD8F /* Assets.xcassets */,
				627FF14B2AE235AF0032FD8F /* Preview Content */,
			);
			path = CallKitSample;
			sourceTree = "<group>";
		};
		627FF14B2AE235AF0032FD8F /* Preview Content */ = {
			isa = PBXGroup;
			children = (
				627FF14C2AE235AF0032FD8F /* Preview Assets.xcassets */,
			);
			path = "Preview Content";
			sourceTree = "<group>";
		};
		627FF1542AE243EE0032FD8F /* Views */ = {
			isa = PBXGroup;
			children = (
				627FF1572AE2443F0032FD8F /* OutgoingInterfaceView.swift */,
				627FF1592AE244F40032FD8F /* IncomingInterfaceView.swift */,
				627FF1602AE252560032FD8F /* CallInterfaceView.swift */,
			);
			path = Views;
			sourceTree = "<group>";
		};
		627FF15B2AE24A5A0032FD8F /* Utils */ = {
			isa = PBXGroup;
			children = (
				627FF15C2AE24A740032FD8F /* CallManager.swift */,
			);
			path = Utils;
			sourceTree = "<group>";
		};
		627FF1622AE25AAC0032FD8F /* Extensions */ = {
			isa = PBXGroup;
			children = (
				627FF1632AE25AC10032FD8F /* CXCallUpdate+Extension.swift */,
				627FF1652AE25C680032FD8F /* Notification+Extension.swift */,
			);
			path = Extensions;
			sourceTree = "<group>";
		};
/* End PBXGroup section */

/* Begin PBXNativeTarget section */
		627FF1412AE235AE0032FD8F /* CallKitSample */ = {
			isa = PBXNativeTarget;
			buildConfigurationList = 627FF1502AE235AF0032FD8F /* Build configuration list for PBXNativeTarget "CallKitSample" */;
			buildPhases = (
				627FF13E2AE235AE0032FD8F /* Sources */,
				627FF13F2AE235AE0032FD8F /* Frameworks */,
				627FF1402AE235AE0032FD8F /* Resources */,
			);
			buildRules = (
			);
			dependencies = (
			);
			name = CallKitSample;
			productName = CallKitSample;
			productReference = 627FF1422AE235AE0032FD8F /* CallKitSample.app */;
			productType = "com.apple.product-type.application";
		};
/* End PBXNativeTarget section */

/* Begin PBXProject section */
		627FF13A2AE235AE0032FD8F /* Project object */ = {
			isa = PBXProject;
			attributes = {
				BuildIndependentTargetsInParallel = 1;
				LastSwiftUpdateCheck = 1500;
				LastUpgradeCheck = 1500;
				TargetAttributes = {
					627FF1412AE235AE0032FD8F = {
						CreatedOnToolsVersion = 15.0;
					};
				};
			};
			buildConfigurationList = 627FF13D2AE235AE0032FD8F /* Build configuration list for PBXProject "CallKitSample" */;
			compatibilityVersion = "Xcode 14.0";
			developmentRegion = en;
			hasScannedForEncodings = 0;
			knownRegions = (
				en,
				Base,
			);
			mainGroup = 627FF1392AE235AE0032FD8F;
			productRefGroup = 627FF1432AE235AE0032FD8F /* Products */;
			projectDirPath = "";
			projectRoot = "";
			targets = (
				627FF1412AE235AE0032FD8F /* CallKitSample */,
			);
		};
/* End PBXProject section */

/* Begin PBXResourcesBuildPhase section */
		627FF1402AE235AE0032FD8F /* Resources */ = {
			isa = PBXResourcesBuildPhase;
			buildActionMask = 2147483647;
			files = (
				627FF14D2AE235AF0032FD8F /* Preview Assets.xcassets in Resources */,
				627FF14A2AE235AF0032FD8F /* Assets.xcassets in Resources */,
			);
			runOnlyForDeploymentPostprocessing = 0;
		};
/* End PBXResourcesBuildPhase section */

/* Begin PBXSourcesBuildPhase section */
		627FF13E2AE235AE0032FD8F /* Sources */ = {
			isa = PBXSourcesBuildPhase;
			buildActionMask = 2147483647;
			files = (
				627FF1582AE2443F0032FD8F /* OutgoingInterfaceView.swift in Sources */,
				627FF1482AE235AE0032FD8F /* ContentView.swift in Sources */,
				627FF1612AE252560032FD8F /* CallInterfaceView.swift in Sources */,
				627FF1642AE25AC10032FD8F /* CXCallUpdate+Extension.swift in Sources */,
				627FF15A2AE244F40032FD8F /* IncomingInterfaceView.swift in Sources */,
				627FF1462AE235AE0032FD8F /* CallKitSampleApp.swift in Sources */,
				627FF1662AE25C680032FD8F /* Notification+Extension.swift in Sources */,
				627FF15D2AE24A740032FD8F /* CallManager.swift in Sources */,
			);
			runOnlyForDeploymentPostprocessing = 0;
		};
/* End PBXSourcesBuildPhase section */

/* Begin XCBuildConfiguration section */
		627FF14E2AE235AF0032FD8F /* Debug */ = {
			isa = XCBuildConfiguration;
			buildSettings = {
				ALWAYS_SEARCH_USER_PATHS = NO;
				ASSETCATALOG_COMPILER_GENERATE_SWIFT_ASSET_SYMBOL_EXTENSIONS = YES;
				CLANG_ANALYZER_NONNULL = YES;
				CLANG_ANALYZER_NUMBER_OBJECT_CONVERSION = YES_AGGRESSIVE;
				CLANG_CXX_LANGUAGE_STANDARD = "gnu++20";
				CLANG_ENABLE_MODULES = YES;
				CLANG_ENABLE_OBJC_ARC = YES;
				CLANG_ENABLE_OBJC_WEAK = YES;
				CLANG_WARN_BLOCK_CAPTURE_AUTORELEASING = YES;
				CLANG_WARN_BOOL_CONVERSION = YES;
				CLANG_WARN_COMMA = YES;
				CLANG_WARN_CONSTANT_CONVERSION = YES;
				CLANG_WARN_DEPRECATED_OBJC_IMPLEMENTATIONS = YES;
				CLANG_WARN_DIRECT_OBJC_ISA_USAGE = YES_ERROR;
				CLANG_WARN_DOCUMENTATION_COMMENTS = YES;
				CLANG_WARN_EMPTY_BODY = YES;
				CLANG_WARN_ENUM_CONVERSION = YES;
				CLANG_WARN_INFINITE_RECURSION = YES;
				CLANG_WARN_INT_CONVERSION = YES;
				CLANG_WARN_NON_LITERAL_NULL_CONVERSION = YES;
				CLANG_WARN_OBJC_IMPLICIT_RETAIN_SELF = YES;
				CLANG_WARN_OBJC_LITERAL_CONVERSION = YES;
				CLANG_WARN_OBJC_ROOT_CLASS = YES_ERROR;
				CLANG_WARN_QUOTED_INCLUDE_IN_FRAMEWORK_HEADER = YES;
				CLANG_WARN_RANGE_LOOP_ANALYSIS = YES;
				CLANG_WARN_STRICT_PROTOTYPES = YES;
				CLANG_WARN_SUSPICIOUS_MOVE = YES;
				CLANG_WARN_UNGUARDED_AVAILABILITY = YES_AGGRESSIVE;
				CLANG_WARN_UNREACHABLE_CODE = YES;
				CLANG_WARN__DUPLICATE_METHOD_MATCH = YES;
				COPY_PHASE_STRIP = NO;
				DEBUG_INFORMATION_FORMAT = dwarf;
				ENABLE_STRICT_OBJC_MSGSEND = YES;
				ENABLE_TESTABILITY = YES;
				ENABLE_USER_SCRIPT_SANDBOXING = YES;
				GCC_C_LANGUAGE_STANDARD = gnu17;
				GCC_DYNAMIC_NO_PIC = NO;
				GCC_NO_COMMON_BLOCKS = YES;
				GCC_OPTIMIZATION_LEVEL = 0;
				GCC_PREPROCESSOR_DEFINITIONS = (
					"DEBUG=1",
					"$(inherited)",
				);
				GCC_WARN_64_TO_32_BIT_CONVERSION = YES;
				GCC_WARN_ABOUT_RETURN_TYPE = YES_ERROR;
				GCC_WARN_UNDECLARED_SELECTOR = YES;
				GCC_WARN_UNINITIALIZED_AUTOS = YES_AGGRESSIVE;
				GCC_WARN_UNUSED_FUNCTION = YES;
				GCC_WARN_UNUSED_VARIABLE = YES;
				IPHONEOS_DEPLOYMENT_TARGET = 17.0;
				LOCALIZATION_PREFERS_STRING_CATALOGS = YES;
				MTL_ENABLE_DEBUG_INFO = INCLUDE_SOURCE;
				MTL_FAST_MATH = YES;
				ONLY_ACTIVE_ARCH = YES;
				SDKROOT = iphoneos;
				SWIFT_ACTIVE_COMPILATION_CONDITIONS = "DEBUG $(inherited)";
				SWIFT_OPTIMIZATION_LEVEL = "-Onone";
			};
			name = Debug;
		};
		627FF14F2AE235AF0032FD8F /* Release */ = {
			isa = XCBuildConfiguration;
			buildSettings = {
				ALWAYS_SEARCH_USER_PATHS = NO;
				ASSETCATALOG_COMPILER_GENERATE_SWIFT_ASSET_SYMBOL_EXTENSIONS = YES;
				CLANG_ANALYZER_NONNULL = YES;
				CLANG_ANALYZER_NUMBER_OBJECT_CONVERSION = YES_AGGRESSIVE;
				CLANG_CXX_LANGUAGE_STANDARD = "gnu++20";
				CLANG_ENABLE_MODULES = YES;
				CLANG_ENABLE_OBJC_ARC = YES;
				CLANG_ENABLE_OBJC_WEAK = YES;
				CLANG_WARN_BLOCK_CAPTURE_AUTORELEASING = YES;
				CLANG_WARN_BOOL_CONVERSION = YES;
				CLANG_WARN_COMMA = YES;
				CLANG_WARN_CONSTANT_CONVERSION = YES;
				CLANG_WARN_DEPRECATED_OBJC_IMPLEMENTATIONS = YES;
				CLANG_WARN_DIRECT_OBJC_ISA_USAGE = YES_ERROR;
				CLANG_WARN_DOCUMENTATION_COMMENTS = YES;
				CLANG_WARN_EMPTY_BODY = YES;
				CLANG_WARN_ENUM_CONVERSION = YES;
				CLANG_WARN_INFINITE_RECURSION = YES;
				CLANG_WARN_INT_CONVERSION = YES;
				CLANG_WARN_NON_LITERAL_NULL_CONVERSION = YES;
				CLANG_WARN_OBJC_IMPLICIT_RETAIN_SELF = YES;
				CLANG_WARN_OBJC_LITERAL_CONVERSION = YES;
				CLANG_WARN_OBJC_ROOT_CLASS = YES_ERROR;
				CLANG_WARN_QUOTED_INCLUDE_IN_FRAMEWORK_HEADER = YES;
				CLANG_WARN_RANGE_LOOP_ANALYSIS = YES;
				CLANG_WARN_STRICT_PROTOTYPES = YES;
				CLANG_WARN_SUSPICIOUS_MOVE = YES;
				CLANG_WARN_UNGUARDED_AVAILABILITY = YES_AGGRESSIVE;
				CLANG_WARN_UNREACHABLE_CODE = YES;
				CLANG_WARN__DUPLICATE_METHOD_MATCH = YES;
				COPY_PHASE_STRIP = NO;
				DEBUG_INFORMATION_FORMAT = "dwarf-with-dsym";
				ENABLE_NS_ASSERTIONS = NO;
				ENABLE_STRICT_OBJC_MSGSEND = YES;
				ENABLE_USER_SCRIPT_SANDBOXING = YES;
				GCC_C_LANGUAGE_STANDARD = gnu17;
				GCC_NO_COMMON_BLOCKS = YES;
				GCC_WARN_64_TO_32_BIT_CONVERSION = YES;
				GCC_WARN_ABOUT_RETURN_TYPE = YES_ERROR;
				GCC_WARN_UNDECLARED_SELECTOR = YES;
				GCC_WARN_UNINITIALIZED_AUTOS = YES_AGGRESSIVE;
				GCC_WARN_UNUSED_FUNCTION = YES;
				GCC_WARN_UNUSED_VARIABLE = YES;
				IPHONEOS_DEPLOYMENT_TARGET = 17.0;
				LOCALIZATION_PREFERS_STRING_CATALOGS = YES;
				MTL_ENABLE_DEBUG_INFO = NO;
				MTL_FAST_MATH = YES;
				SDKROOT = iphoneos;
				SWIFT_COMPILATION_MODE = wholemodule;
				VALIDATE_PRODUCT = YES;
			};
			name = Release;
		};
		627FF1512AE235AF0032FD8F /* Debug */ = {
			isa = XCBuildConfiguration;
			buildSettings = {
				ASSETCATALOG_COMPILER_APPICON_NAME = AppIcon;
				ASSETCATALOG_COMPILER_GLOBAL_ACCENT_COLOR_NAME = AccentColor;
				CODE_SIGN_STYLE = Automatic;
				CURRENT_PROJECT_VERSION = 1;
				DEVELOPMENT_ASSET_PATHS = "\"CallKitSample/Preview Content\"";
				DEVELOPMENT_TEAM = LXWUX87WJP;
				ENABLE_PREVIEWS = YES;
				GENERATE_INFOPLIST_FILE = YES;
				INFOPLIST_FILE = CallKitSample/Info.plist;
				INFOPLIST_KEY_UIApplicationSceneManifest_Generation = YES;
				INFOPLIST_KEY_UIApplicationSupportsIndirectInputEvents = YES;
				INFOPLIST_KEY_UILaunchScreen_Generation = YES;
				INFOPLIST_KEY_UISupportedInterfaceOrientations_iPad = "UIInterfaceOrientationPortrait UIInterfaceOrientationPortraitUpsideDown UIInterfaceOrientationLandscapeLeft UIInterfaceOrientationLandscapeRight";
				INFOPLIST_KEY_UISupportedInterfaceOrientations_iPhone = "UIInterfaceOrientationPortrait UIInterfaceOrientationLandscapeLeft UIInterfaceOrientationLandscapeRight";
				LD_RUNPATH_SEARCH_PATHS = (
					"$(inherited)",
					"@executable_path/Frameworks",
				);
				MARKETING_VERSION = 1.0;
				PRODUCT_BUNDLE_IDENTIFIER = io.gyeolee.CallKitSample;
				PRODUCT_NAME = "$(TARGET_NAME)";
				SWIFT_EMIT_LOC_STRINGS = YES;
				SWIFT_VERSION = 5.0;
				TARGETED_DEVICE_FAMILY = "1,2";
			};
			name = Debug;
		};
		627FF1522AE235AF0032FD8F /* Release */ = {
			isa = XCBuildConfiguration;
			buildSettings = {
				ASSETCATALOG_COMPILER_APPICON_NAME = AppIcon;
				ASSETCATALOG_COMPILER_GLOBAL_ACCENT_COLOR_NAME = AccentColor;
				CODE_SIGN_STYLE = Automatic;
				CURRENT_PROJECT_VERSION = 1;
				DEVELOPMENT_ASSET_PATHS = "\"CallKitSample/Preview Content\"";
				DEVELOPMENT_TEAM = LXWUX87WJP;
				ENABLE_PREVIEWS = YES;
				GENERATE_INFOPLIST_FILE = YES;
				INFOPLIST_FILE = CallKitSample/Info.plist;
				INFOPLIST_KEY_UIApplicationSceneManifest_Generation = YES;
				INFOPLIST_KEY_UIApplicationSupportsIndirectInputEvents = YES;
				INFOPLIST_KEY_UILaunchScreen_Generation = YES;
				INFOPLIST_KEY_UISupportedInterfaceOrientations_iPad = "UIInterfaceOrientationPortrait UIInterfaceOrientationPortraitUpsideDown UIInterfaceOrientationLandscapeLeft UIInterfaceOrientationLandscapeRight";
				INFOPLIST_KEY_UISupportedInterfaceOrientations_iPhone = "UIInterfaceOrientationPortrait UIInterfaceOrientationLandscapeLeft UIInterfaceOrientationLandscapeRight";
				LD_RUNPATH_SEARCH_PATHS = (
					"$(inherited)",
					"@executable_path/Frameworks",
				);
				MARKETING_VERSION = 1.0;
				PRODUCT_BUNDLE_IDENTIFIER = io.gyeolee.CallKitSample;
				PRODUCT_NAME = "$(TARGET_NAME)";
				SWIFT_EMIT_LOC_STRINGS = YES;
				SWIFT_VERSION = 5.0;
				TARGETED_DEVICE_FAMILY = "1,2";
			};
			name = Release;
		};
/* End XCBuildConfiguration section */

/* Begin XCConfigurationList section */
		627FF13D2AE235AE0032FD8F /* Build configuration list for PBXProject "CallKitSample" */ = {
			isa = XCConfigurationList;
			buildConfigurations = (
				627FF14E2AE235AF0032FD8F /* Debug */,
				627FF14F2AE235AF0032FD8F /* Release */,
			);
			defaultConfigurationIsVisible = 0;
			defaultConfigurationName = Release;
		};
		627FF1502AE235AF0032FD8F /* Build configuration list for PBXNativeTarget "CallKitSample" */ = {
			isa = XCConfigurationList;
			buildConfigurations = (
				627FF1512AE235AF0032FD8F /* Debug */,
				627FF1522AE235AF0032FD8F /* Release */,
			);
			defaultConfigurationIsVisible = 0;
			defaultConfigurationName = Release;
		};
/* End XCConfigurationList section */
	};
	rootObject = 627FF13A2AE235AE0032FD8F /* Project object */;
}
